
Microsoft Visual Studio Solution File, Format Version 12.00
# Visual Studio Version 17
VisualStudioVersion = 17.11.35222.181
MinimumVisualStudioVersion = 10.0.40219.1
Project("{FAE04EC0-301F-11D3-BF4B-00C04F79EFBC}") = "TDPCompetitions.Api", "TDPCompetitions.Api\TDPCompetitions.Api.csproj", "{33530D36-9CE7-466C-B2DF-AC884AE0B579}"
EndProject
Global
	GlobalSection(SolutionConfigurationPlatforms) = preSolution
		Debug|Any CPU = Debug|Any CPU
		Release|Any CPU = Release|Any CPU
	EndGlobalSection
	GlobalSection(ProjectConfigurationPlatforms) = postSolution
		{33530D36-9CE7-466C-B2DF-AC884AE0B579}.Debug|Any CPU.ActiveCfg = Debug|Any CPU
		{33530D36-9CE7-466C-B2DF-AC884AE0B579}.Debug|Any CPU.Build.0 = Debug|Any CPU
		{33530D36-9CE7-466C-B2DF-AC884AE0B579}.Release|Any CPU.ActiveCfg = Release|Any CPU
		{33530D36-9CE7-466C-B2DF-AC884AE0B579}.Release|Any CPU.Build.0 = Release|Any CPU
	EndGlobalSection
	GlobalSection(SolutionProperties) = preSolution
		HideSolutionNode = FALSE
	EndGlobalSection
	GlobalSection(ExtensibilityGlobals) = postSolution
		SolutionGuid = {7F8611A8-DF26-4513-B8A6-FB9326880BAA}
	EndGlobalSection
EndGlobal
